
Microsoft Visual Studio Solution File, Format Version 12.00
# Visual Studio Version 17
VisualStudioVersion = 17.9.34902.65
MinimumVisualStudioVersion = 10.0.40219.1
Project("{FAE04EC0-301F-11D3-BF4B-00C04F79EFBC}") = "GenerateTOTP", "GenerateTOTP\GenerateTOTP.csproj", "{0DC538E7-85A4-4533-A552-1192D512329C}"
EndProject
Project("{FAE04EC0-301F-11D3-BF4B-00C04F79EFBC}") = "VerifyTOTP", "VerifyTOTP\VerifyTOTP.csproj", "{A056B6F6-1DE4-4ADD-BBC5-9781637948A8}"
EndProject
Global
	GlobalSection(SolutionConfigurationPlatforms) = preSolution
		Debug|Any CPU = Debug|Any CPU
		Release|Any CPU = Release|Any CPU
	EndGlobalSection
	GlobalSection(ProjectConfigurationPlatforms) = postSolution
		{0DC538E7-85A4-4533-A552-1192D512329C}.Debug|Any CPU.ActiveCfg = Debug|Any CPU
		{0DC538E7-85A4-4533-A552-1192D512329C}.Debug|Any CPU.Build.0 = Debug|Any CPU
		{0DC538E7-85A4-4533-A552-1192D512329C}.Release|Any CPU.ActiveCfg = Release|Any CPU
		{0DC538E7-85A4-4533-A552-1192D512329C}.Release|Any CPU.Build.0 = Release|Any CPU
		{A056B6F6-1DE4-4ADD-BBC5-9781637948A8}.Debug|Any CPU.ActiveCfg = Debug|Any CPU
		{A056B6F6-1DE4-4ADD-BBC5-9781637948A8}.Debug|Any CPU.Build.0 = Debug|Any CPU
		{A056B6F6-1DE4-4ADD-BBC5-9781637948A8}.Release|Any CPU.ActiveCfg = Release|Any CPU
		{A056B6F6-1DE4-4ADD-BBC5-9781637948A8}.Release|Any CPU.Build.0 = Release|Any CPU
	EndGlobalSection
	GlobalSection(SolutionProperties) = preSolution
		HideSolutionNode = FALSE
	EndGlobalSection
	GlobalSection(ExtensibilityGlobals) = postSolution
		SolutionGuid = {A43B833B-A2A5-4825-BB94-0DC22E0FB8AE}
	EndGlobalSection
EndGlobal
